{
  "name": "full-stack-app",
  "lockfileVersion": 3,
  "requires": true,
  "packages": {
    "": {
      "name": "full-stack-app",
      "workspaces": [
        "common"
      ]
    },
    "common": {
      "version": "1.0.0",
      "license": "ISC",
      "dependencies": {
        "class-validator": "^0.14.1"
      },
      "devDependencies": {
        "@types/node": "^20.11.16",
        "typescript": "^5.3.3"
      }
    },
    "common/node_modules/@types/node": {
      "version": "20.11.16",
      "dev": true,
      "license": "MIT",
      "dependencies": {
        "undici-types": "~5.26.4"
      }
    },
    "common/node_modules/@types/validator": {
      "version": "13.11.8",
      "license": "MIT"
    },
    "common/node_modules/class-validator": {
      "version": "0.14.1",
      "license": "MIT",
      "dependencies": {
        "@types/validator": "^13.11.8",
        "libphonenumber-js": "^1.10.53",
        "validator": "^13.9.0"
      }
    },
    "common/node_modules/libphonenumber-js": {
      "version": "1.10.54",
      "license": "MIT"
    },
    "common/node_modules/typescript": {
      "version": "5.3.3",
      "dev": true,
      "license": "Apache-2.0",
      "bin": {
        "tsc": "bin/tsc",
        "tsserver": "bin/tsserver"
      },
      "engines": {
        "node": ">=14.17"
      }
    },
    "common/node_modules/undici-types": {
      "version": "5.26.5",
      "dev": true,
      "license": "MIT"
    },
    "common/node_modules/validator": {
      "version": "13.11.0",
      "license": "MIT",
      "engines": {
        "node": ">= 0.10"
      }
    },
    "node_modules/common": {
      "resolved": "common",
      "link": true
    }
  }
}
